hash: 0c2c3d62e33214c49dc05e209f520c58719454159f7751f2e24a63519f72a6e1
updated: 2017-10-23T22:14:18.472692577+07:00
imports:
- name: github.com/aymerick/raymond
  version: 72acac2207479d21dd45898c2a4264246c818148
  subpackages:
  - ast
  - lexer
  - parser
- name: github.com/BurntSushi/toml
  version: a368813c5e648fee92e5f6c30e3944ff9d5e8895
- name: github.com/eknkc/amber
  version: cdade1c073850f4ffc70a829e31235ea6892853b
  subpackages:
  - parser
- name: github.com/fatih/structs
  version: f5faa72e73092639913f5833b75e1ac1d6bc7a63
- name: github.com/flosch/pongo2
  version: 1f4be1efe3b3529b7e58861f75d70120a9567dc4
- name: github.com/go-playground/locales
  version: e4cbcb5d0652150d40ad0646651076b6bd2be4f6
  subpackages:
  - currency
- name: github.com/go-playground/universal-translator
  version: 71201497bace774495daed26a3874fd339e0b538
- name: github.com/iris-contrib/formBinder
  version: ad9fb86c356f971f30319c40ddbdcf72129a2791
- name: github.com/jinzhu/gorm
  version: 5174cc5c242a728b435ea2be8a2f7f998e15429b
  subpackages:
  - dialects/postgres
- name: github.com/jinzhu/inflection
  version: 1c35d901db3da928c72a72d8458480cc9ade058f
- name: github.com/Joker/jade
  version: 35b3f5bdbcc920cd31f4870536dbc63be8530541
- name: github.com/json-iterator/go
  version: 6240e1e7983a85228f7fd9c3e1b6932d46ec58e2
- name: github.com/juju/errors
  version: c7d06af17c68cd34c835053720b21f6549d9b0ee
- name: github.com/kataras/golog
  version: 2ed680e7b1f34147164fa8073373e14fce02ac30
- name: github.com/kataras/iris
  version: eeea656b255fbafab40daa247bd991072566ab88
  subpackages:
  - cache
  - cache/cfg
  - cache/client
  - cache/client/rule
  - cache/entry
  - cache/ruleset
  - cache/uri
  - context
  - core/errors
  - core/handlerconv
  - core/host
  - core/memstore
  - core/netutil
  - core/router
  - core/router/macro
  - core/router/macro/interpreter/ast
  - core/router/macro/interpreter/lexer
  - core/router/macro/interpreter/parser
  - core/router/macro/interpreter/token
  - core/router/node
  - middleware/basicauth
  - middleware/logger
  - middleware/recover
  - mvc
  - mvc/activator
  - mvc/activator/field
  - mvc/activator/methodfunc
  - mvc/activator/model
  - mvc/activator/persistence
  - sessions
  - view
- name: github.com/kataras/pio
  version: 825e39f34365e7db2c9fbc3692c16220e3bd7418
  subpackages:
  - terminal
- name: github.com/klauspost/compress
  version: f3dce52e0576655d55fd69e74b63da96ad1108f3
  subpackages:
  - flate
  - gzip
- name: github.com/klauspost/cpuid
  version: ae7887de9fa5d2db4eaa8174a7eff2c1ac00f2da
- name: github.com/lib/pq
  version: b0d5024adb34b4122c6ee7eeb6ab511f7223222d
  subpackages:
  - hstore
  - oid
- name: github.com/microcosm-cc/bluemonday
  version: 68fecaef60268522d2ac3f0123cec9d3bcab7b6e
- name: github.com/russross/blackfriday
  version: 6d1ef893fcb01b4f50cb6e57ed7df3e2e627b6b2
- name: github.com/ryanuber/columnize
  version: abc90934186a77966e2beeac62ed966aac0561d5
- name: github.com/satori/go.uuid
  version: 5bf94b69c6b68ee1b541973bb8e1144db23a194b
- name: golang.org/x/crypto
  version: edd5e9b0879d13ee6970a50153d85b8fec9f7686
  subpackages:
  - acme
  - acme/autocert
- name: golang.org/x/net
  version: f2499483f923065a842d38eb4c7f1927e6fc6e6d
  subpackages:
  - html
  - html/atom
- name: golang.org/x/sys
  version: 8dbc5d05d6edcc104950cc299a1ce6641235bc86
  subpackages:
  - unix
- name: gopkg.in/go-playground/validator.v8
  version: 1304298bf10d085adec514b076772a79c9cadb6b
- name: gopkg.in/yaml.v2
  version: eb3733d160e74a9c7e442f435eb3bea458e1d19f
testImports: []
